# This file is automatically @generated by Cargo.
# It is not intended for manual editing.
version = 4

[[package]]
name = "collections_exercises"
version = "0.1.0"

[[package]]
name = "error_handling_exercises"
version = "0.1.0"

[[package]]
name = "generics_exercises"
version = "0.1.0"

[[package]]
name = "iterators_exercises"
version = "0.1.0"

[[package]]
name = "macros_exercises"
version = "0.1.0"

[[package]]
name = "modules_visibility_exercises"
version = "0.1.0"

[[package]]
name = "pattern_matching_exercises"
version = "0.1.0"

[[package]]
name = "traits_exercises"
version = "0.1.0"
